
Microsoft Visual Studio Solution File, Format Version 12.00
# Visual Studio 15
Project("{FAE04EC0-301F-11D3-BF4B-00C04F79EFBC}") = "TaskHandler", "TaskHandler\TaskHandler.csproj", "{0ADEF452-F634-41D4-BB38-8083AA771836}"
EndProject
Project("{FAE04EC0-301F-11D3-BF4B-00C04F79EFBC}") = "api", "api\api.csproj", "{8A0D2082-FA4B-4319-AAA6-33C28189D612}"
EndProject
Global
	GlobalSection(SolutionConfigurationPlatforms) = preSolution
		Debug|x86 = Debug|x86
		Release|x86 = Release|x86
	EndGlobalSection
	GlobalSection(ProjectConfigurationPlatforms) = postSolution
		{0ADEF452-F634-41D4-BB38-8083AA771836}.Debug|x86.ActiveCfg = Debug|x86
		{0ADEF452-F634-41D4-BB38-8083AA771836}.Debug|x86.Build.0 = Debug|x86
		{0ADEF452-F634-41D4-BB38-8083AA771836}.Release|x86.ActiveCfg = Release|x86
		{0ADEF452-F634-41D4-BB38-8083AA771836}.Release|x86.Build.0 = Release|x86
		{8A0D2082-FA4B-4319-AAA6-33C28189D612}.Debug|x86.ActiveCfg = Debug|Any CPU
		{8A0D2082-FA4B-4319-AAA6-33C28189D612}.Debug|x86.Build.0 = Debug|Any CPU
		{8A0D2082-FA4B-4319-AAA6-33C28189D612}.Release|x86.ActiveCfg = Release|Any CPU
		{8A0D2082-FA4B-4319-AAA6-33C28189D612}.Release|x86.Build.0 = Release|Any CPU
	EndGlobalSection
EndGlobal
